// !$*UTF8*$!
{
	archiveVersion = 1;
	classes = {
	};
	objectVersion = 50;
	objects = {

/* Begin PBXBuildFile section */
		EC96C1C324748FCD0010BE40 /* AppDelegate.swift in Sources */ = {isa = PBXBuildFile; fileRef = EC96C1C224748FCD0010BE40 /* AppDelegate.swift */; };
		EC96C1C524748FCD0010BE40 /* SceneDelegate.swift in Sources */ = {isa = PBXBuildFile; fileRef = EC96C1C424748FCD0010BE40 /* SceneDelegate.swift */; };
		EC96C1C724748FCD0010BE40 /* ViewController.swift in Sources */ = {isa = PBXBuildFile; fileRef = EC96C1C624748FCD0010BE40 /* ViewController.swift */; };
		EC96C1CA24748FCD0010BE40 /* Main.storyboard in Resources */ = {isa = PBXBuildFile; fileRef = EC96C1C824748FCD0010BE40 /* Main.storyboard */; };
		EC96C1CC24748FCF0010BE40 /* Assets.xcassets in Resources */ = {isa = PBXBuildFile; fileRef = EC96C1CB24748FCF0010BE40 /* Assets.xcassets */; };
		EC96C1CF24748FCF0010BE40 /* LaunchScreen.storyboard in Resources */ = {isa = PBXBuildFile; fileRef = EC96C1CD24748FCF0010BE40 /* LaunchScreen.storyboard */; };
/* End PBXBuildFile section */

/* Begin PBXFileReference section */
		EC96C1BF24748FCD0010BE40 /* Home Work 2.1.1.app */ = {isa = PBXFileReference; explicitFileType = wrapper.application; includeInIndex = 0; path = "Home Work 2.1.1.app"; sourceTree = BUILT_PRODUCTS_DIR; };
		EC96C1C224748FCD0010BE40 /* AppDelegate.swift */ = {isa = PBXFileReference; lastKnownFileType = sourcecode.swift; path = AppDelegate.swift; sourceTree = "<group>"; };
		EC96C1C424748FCD0010BE40 /* SceneDelegate.swift */ = {isa = PBXFileReference; lastKnownFileType = sourcecode.swift; path = SceneDelegate.swift; sourceTree = "<group>"; };
		EC96C1C624748FCD0010BE40 /* ViewController.swift */ = {isa = PBXFileReference; lastKnownFileType = sourcecode.swift; path = ViewController.swift; sourceTree = "<group>"; };
		EC96C1C924748FCD0010BE40 /* Base */ = {isa = PBXFileReference; lastKnownFileType = file.storyboard; name = Base; path = Base.lproj/Main.storyboard; sourceTree = "<group>"; };
		EC96C1CB24748FCF0010BE40 /* Assets.xcassets */ = {isa = PBXFileReference; lastKnownFileType = folder.assetcatalog; path = Assets.xcassets; sourceTree = "<group>"; };
		EC96C1CE24748FCF0010BE40 /* Base */ = {isa = PBXFileReference; lastKnownFileType = file.storyboard; name = Base; path = Base.lproj/LaunchScreen.storyboard; sourceTree = "<group>"; };
		EC96C1D024748FCF0010BE40 /* Info.plist */ = {isa = PBXFileReference; lastKnownFileType = text.plist.xml; path = Info.plist; sourceTree = "<group>"; };
/* End PBXFileReference section */

/* Begin PBXFrameworksBuildPhase section */
		EC96C1BC24748FCD0010BE40 /* Frameworks */ = {
			isa = PBXFrameworksBuildPhase;
			buildActionMask = 2147483647;
			files = (
			);
			runOnlyForDeploymentPostprocessing = 0;
		};
/* End PBXFrameworksBuildPhase section */

/* Begin PBXGroup section */
		EC96C1B624748FCD0010BE40 = {
			isa = PBXGroup;
			children = (
				EC96C1C124748FCD0010BE40 /* Home Work 2.1.1 */,
				EC96C1C024748FCD0010BE40 /* Products */,
			);
			sourceTree = "<group>";
		};
		EC96C1C024748FCD0010BE40 /* Products */ = {
			isa = PBXGroup;
			children = (
				EC96C1BF24748FCD0010BE40 /* Home Work 2.1.1.app */,
			);
			name = Products;
			sourceTree = "<group>";
		};
		EC96C1C124748FCD0010BE40 /* Home Work 2.1.1 */ = {
			isa = PBXGroup;
			children = (
				EC96C1C224748FCD0010BE40 /* AppDelegate.swift */,
				EC96C1C424748FCD0010BE40 /* SceneDelegate.swift */,
				EC96C1C624748FCD0010BE40 /* ViewController.swift */,
				EC96C1C824748FCD0010BE40 /* Main.storyboard */,
				EC96C1CB24748FCF0010BE40 /* Assets.xcassets */,
				EC96C1CD24748FCF0010BE40 /* LaunchScreen.storyboard */,
				EC96C1D024748FCF0010BE40 /* Info.plist */,
			);
			path = "Home Work 2.1.1";
			sourceTree = "<group>";
		};
/* End PBXGroup section */

/* Begin PBXNativeTarget section */
		EC96C1BE24748FCD0010BE40 /* Home Work 2.1.1 */ = {
			isa = PBXNativeTarget;
			buildConfigurationList = EC96C1D324748FCF0010BE40 /* Build configuration list for PBXNativeTarget "Home Work 2.1.1" */;
			buildPhases = (
				EC96C1BB24748FCD0010BE40 /* Sources */,
				EC96C1BC24748FCD0010BE40 /* Frameworks */,
				EC96C1BD24748FCD0010BE40 /* Resources */,
			);
			buildRules = (
			);
			dependencies = (
			);
			name = "Home Work 2.1.1";
			productName = "Home Work 2.1.1";
			productReference = EC96C1BF24748FCD0010BE40 /* Home Work 2.1.1.app */;
			productType = "com.apple.product-type.application";
		};
/* End PBXNativeTarget section */

/* Begin PBXProject section */
		EC96C1B724748FCD0010BE40 /* Project object */ = {
			isa = PBXProject;
			attributes = {
				LastSwiftUpdateCheck = 1140;
				LastUpgradeCheck = 1140;
				ORGANIZATIONNAME = "Юлия";
				TargetAttributes = {
					EC96C1BE24748FCD0010BE40 = {
						CreatedOnToolsVersion = 11.4;
					};
				};
			};
			buildConfigurationList = EC96C1BA24748FCD0010BE40 /* Build configuration list for PBXProject "Home Work 2.1.1" */;
			compatibilityVersion = "Xcode 9.3";
			developmentRegion = en;
			hasScannedForEncodings = 0;
			knownRegions = (
				en,
				Base,
			);
			mainGroup = EC96C1B624748FCD0010BE40;
			productRefGroup = EC96C1C024748FCD0010BE40 /* Products */;
			projectDirPath = "";
			projectRoot = "";
			targets = (
				EC96C1BE24748FCD0010BE40 /* Home Work 2.1.1 */,
			);
		};
/* End PBXProject section */

/* Begin PBXResourcesBuildPhase section */
		EC96C1BD24748FCD0010BE40 /* Resources */ = {
			isa = PBXResourcesBuildPhase;
			buildActionMask = 2147483647;
			files = (
				EC96C1CF24748FCF0010BE40 /* LaunchScreen.storyboard in Resources */,
				EC96C1CC24748FCF0010BE40 /* Assets.xcassets in Resources */,
				EC96C1CA24748FCD0010BE40 /* Main.storyboard in Resources */,
			);
			runOnlyForDeploymentPostprocessing = 0;
		};
/* End PBXResourcesBuildPhase section */

/* Begin PBXSourcesBuildPhase section */
		EC96C1BB24748FCD0010BE40 /* Sources */ = {
			isa = PBXSourcesBuildPhase;
			buildActionMask = 2147483647;
			files = (
				EC96C1C724748FCD0010BE40 /* ViewController.swift in Sources */,
				EC96C1C324748FCD0010BE40 /* AppDelegate.swift in Sources */,
				EC96C1C524748FCD0010BE40 /* SceneDelegate.swift in Sources */,
			);
			runOnlyForDeploymentPostprocessing = 0;
		};
/* End PBXSourcesBuildPhase section */

/* Begin PBXVariantGroup section */
		EC96C1C824748FCD0010BE40 /* Main.storyboard */ = {
			isa = PBXVariantGroup;
			children = (
				EC96C1C924748FCD0010BE40 /* Base */,
			);
			name = Main.storyboard;
			sourceTree = "<group>";
		};
		EC96C1CD24748FCF0010BE40 /* LaunchScreen.storyboard */ = {
			isa = PBXVariantGroup;
			children = (
				EC96C1CE24748FCF0010BE40 /* Base */,
			);
			name = LaunchScreen.storyboard;
			sourceTree = "<group>";
		};
/* End PBXVariantGroup section */

/* Begin XCBuildConfiguration section */
		EC96C1D124748FCF0010BE40 /* Debug */ = {
			isa = XCBuildConfiguration;
			buildSettings = {
				ALWAYS_SEARCH_USER_PATHS = NO;
				CLANG_ANALYZER_NONNULL = YES;
				CLANG_ANALYZER_NUMBER_OBJECT_CONVERSION = YES_AGGRESSIVE;
				CLANG_CXX_LANGUAGE_STANDARD = "gnu++14";
				CLANG_CXX_LIBRARY = "libc++";
				CLANG_ENABLE_MODULES = YES;
				CLANG_ENABLE_OBJC_ARC = YES;
				CLANG_ENABLE_OBJC_WEAK = YES;
				CLANG_WARN_BLOCK_CAPTURE_AUTORELEASING = YES;
				CLANG_WARN_BOOL_CONVERSION = YES;
				CLANG_WARN_COMMA = YES;
				CLANG_WARN_CONSTANT_CONVERSION = YES;
				CLANG_WARN_DEPRECATED_OBJC_IMPLEMENTATIONS = YES;
				CLANG_WARN_DIRECT_OBJC_ISA_USAGE = YES_ERROR;
				CLANG_WARN_DOCUMENTATION_COMMENTS = YES;
				CLANG_WARN_EMPTY_BODY = YES;
				CLANG_WARN_ENUM_CONVERSION = YES;
				CLANG_WARN_INFINITE_RECURSION = YES;
				CLANG_WARN_INT_CONVERSION = YES;
				CLANG_WARN_NON_LITERAL_NULL_CONVERSION = YES;
				CLANG_WARN_OBJC_IMPLICIT_RETAIN_SELF = YES;
				CLANG_WARN_OBJC_LITERAL_CONVERSION = YES;
				CLANG_WARN_OBJC_ROOT_CLASS = YES_ERROR;
				CLANG_WARN_RANGE_LOOP_ANALYSIS = YES;
				CLANG_WARN_STRICT_PROTOTYPES = YES;
				CLANG_WARN_SUSPICIOUS_MOVE = YES;
				CLANG_WARN_UNGUARDED_AVAILABILITY = YES_AGGRESSIVE;
				CLANG_WARN_UNREACHABLE_CODE = YES;
				CLANG_WARN__DUPLICATE_METHOD_MATCH = YES;
				COPY_PHASE_STRIP = NO;
				DEBUG_INFORMATION_FORMAT = dwarf;
				ENABLE_STRICT_OBJC_MSGSEND = YES;
				ENABLE_TESTABILITY = YES;
				GCC_C_LANGUAGE_STANDARD = gnu11;
				GCC_DYNAMIC_NO_PIC = NO;
				GCC_NO_COMMON_BLOCKS = YES;
				GCC_OPTIMIZATION_LEVEL = 0;
				GCC_PREPROCESSOR_DEFINITIONS = (
					"DEBUG=1",
					"$(inherited)",
				);
				GCC_WARN_64_TO_32_BIT_CONVERSION = YES;
				GCC_WARN_ABOUT_RETURN_TYPE = YES_ERROR;
				GCC_WARN_UNDECLARED_SELECTOR = YES;
				GCC_WARN_UNINITIALIZED_AUTOS = YES_AGGRESSIVE;
				GCC_WARN_UNUSED_FUNCTION = YES;
				GCC_WARN_UNUSED_VARIABLE = YES;
				IPHONEOS_DEPLOYMENT_TARGET = 13.4;
				MTL_ENABLE_DEBUG_INFO = INCLUDE_SOURCE;
				MTL_FAST_MATH = YES;
				ONLY_ACTIVE_ARCH = YES;
				SDKROOT = iphoneos;
				SWIFT_ACTIVE_COMPILATION_CONDITIONS = DEBUG;
				SWIFT_OPTIMIZATION_LEVEL = "-Onone";
			};
			name = Debug;
		};
		EC96C1D224748FCF0010BE40 /* Release */ = {
			isa = XCBuildConfiguration;
			buildSettings = {
				ALWAYS_SEARCH_USER_PATHS = NO;
				CLANG_ANALYZER_NONNULL = YES;
				CLANG_ANALYZER_NUMBER_OBJECT_CONVERSION = YES_AGGRESSIVE;
				CLANG_CXX_LANGUAGE_STANDARD = "gnu++14";
				CLANG_CXX_LIBRARY = "libc++";
				CLANG_ENABLE_MODULES = YES;
				CLANG_ENABLE_OBJC_ARC = YES;
				CLANG_ENABLE_OBJC_WEAK = YES;
				CLANG_WARN_BLOCK_CAPTURE_AUTORELEASING = YES;
				CLANG_WARN_BOOL_CONVERSION = YES;
				CLANG_WARN_COMMA = YES;
				CLANG_WARN_CONSTANT_CONVERSION = YES;
				CLANG_WARN_DEPRECATED_OBJC_IMPLEMENTATIONS = YES;
				CLANG_WARN_DIRECT_OBJC_ISA_USAGE = YES_ERROR;
				CLANG_WARN_DOCUMENTATION_COMMENTS = YES;
				CLANG_WARN_EMPTY_BODY = YES;
				CLANG_WARN_ENUM_CONVERSION = YES;
				CLANG_WARN_INFINITE_RECURSION = YES;
				CLANG_WARN_INT_CONVERSION = YES;
				CLANG_WARN_NON_LITERAL_NULL_CONVERSION = YES;
				CLANG_WARN_OBJC_IMPLICIT_RETAIN_SELF = YES;
				CLANG_WARN_OBJC_LITERAL_CONVERSION = YES;
				CLANG_WARN_OBJC_ROOT_CLASS = YES_ERROR;
				CLANG_WARN_RANGE_LOOP_ANALYSIS = YES;
				CLANG_WARN_STRICT_PROTOTYPES = YES;
				CLANG_WARN_SUSPICIOUS_MOVE = YES;
				CLANG_WARN_UNGUARDED_AVAILABILITY = YES_AGGRESSIVE;
				CLANG_WARN_UNREACHABLE_CODE = YES;
				CLANG_WARN__DUPLICATE_METHOD_MATCH = YES;
				COPY_PHASE_STRIP = NO;
				DEBUG_INFORMATION_FORMAT = "dwarf-with-dsym";
				ENABLE_NS_ASSERTIONS = NO;
				ENABLE_STRICT_OBJC_MSGSEND = YES;
				GCC_C_LANGUAGE_STANDARD = gnu11;
				GCC_NO_COMMON_BLOCKS = YES;
				GCC_WARN_64_TO_32_BIT_CONVERSION = YES;
				GCC_WARN_ABOUT_RETURN_TYPE = YES_ERROR;
				GCC_WARN_UNDECLARED_SELECTOR = YES;
				GCC_WARN_UNINITIALIZED_AUTOS = YES_AGGRESSIVE;
				GCC_WARN_UNUSED_FUNCTION = YES;
				GCC_WARN_UNUSED_VARIABLE = YES;
				IPHONEOS_DEPLOYMENT_TARGET = 13.4;
				MTL_ENABLE_DEBUG_INFO = NO;
				MTL_FAST_MATH = YES;
				SDKROOT = iphoneos;
				SWIFT_COMPILATION_MODE = wholemodule;
				SWIFT_OPTIMIZATION_LEVEL = "-O";
				VALIDATE_PRODUCT = YES;
			};
			name = Release;
		};
		EC96C1D424748FCF0010BE40 /* Debug */ = {
			isa = XCBuildConfiguration;
			buildSettings = {
				ASSETCATALOG_COMPILER_APPICON_NAME = AppIcon;
				CODE_SIGN_STYLE = Automatic;
				DEVELOPMENT_TEAM = SNPH7BMH6J;
				INFOPLIST_FILE = "Home Work 2.1.1/Info.plist";
				LD_RUNPATH_SEARCH_PATHS = (
					"$(inherited)",
					"@executable_path/Frameworks",
				);
				PRODUCT_BUNDLE_IDENTIFIER = "Yi.belyaeva.Home-Work-2-1-1";
				PRODUCT_NAME = "$(TARGET_NAME)";
				SWIFT_VERSION = 5.0;
				TARGETED_DEVICE_FAMILY = "1,2";
			};
			name = Debug;
		};
		EC96C1D524748FCF0010BE40 /* Release */ = {
			isa = XCBuildConfiguration;
			buildSettings = {
				ASSETCATALOG_COMPILER_APPICON_NAME = AppIcon;
				CODE_SIGN_STYLE = Automatic;
				DEVELOPMENT_TEAM = SNPH7BMH6J;
				INFOPLIST_FILE = "Home Work 2.1.1/Info.plist";
				LD_RUNPATH_SEARCH_PATHS = (
					"$(inherited)",
					"@executable_path/Frameworks",
				);
				PRODUCT_BUNDLE_IDENTIFIER = "Yi.belyaeva.Home-Work-2-1-1";
				PRODUCT_NAME = "$(TARGET_NAME)";
				SWIFT_VERSION = 5.0;
				TARGETED_DEVICE_FAMILY = "1,2";
			};
			name = Release;
		};
/* End XCBuildConfiguration section */

/* Begin XCConfigurationList section */
		EC96C1BA24748FCD0010BE40 /* Build configuration list for PBXProject "Home Work 2.1.1" */ = {
			isa = XCConfigurationList;
			buildConfigurations = (
				EC96C1D124748FCF0010BE40 /* Debug */,
				EC96C1D224748FCF0010BE40 /* Release */,
			);
			defaultConfigurationIsVisible = 0;
			defaultConfigurationName = Release;
		};
		EC96C1D324748FCF0010BE40 /* Build configuration list for PBXNativeTarget "Home Work 2.1.1" */ = {
			isa = XCConfigurationList;
			buildConfigurations = (
				EC96C1D424748FCF0010BE40 /* Debug */,
				EC96C1D524748FCF0010BE40 /* Release */,
			);
			defaultConfigurationIsVisible = 0;
			defaultConfigurationName = Release;
		};
/* End XCConfigurationList section */
	};
	rootObject = EC96C1B724748FCD0010BE40 /* Project object */;
}
